
Microsoft Visual Studio Solution File, Format Version 12.00
# Visual Studio 15
VisualStudioVersion = 15.0.27428.2015
MinimumVisualStudioVersion = 10.0.40219.1
Project("{FAE04EC0-301F-11D3-BF4B-00C04F79EFBC}") = "DemoWebPage", "DemoWebPage\DemoWebPage.csproj", "{DA89D719-6424-4850-9C55-54F516DB2CBD}"
EndProject
Global
	GlobalSection(SolutionConfigurationPlatforms) = preSolution
		Debug|Any CPU = Debug|Any CPU
		Release|Any CPU = Release|Any CPU
	EndGlobalSection
	GlobalSection(ProjectConfigurationPlatforms) = postSolution
		{DA89D719-6424-4850-9C55-54F516DB2CBD}.Debug|Any CPU.ActiveCfg = Debug|Any CPU
		{DA89D719-6424-4850-9C55-54F516DB2CBD}.Debug|Any CPU.Build.0 = Debug|Any CPU
		{DA89D719-6424-4850-9C55-54F516DB2CBD}.Release|Any CPU.ActiveCfg = Release|Any CPU
		{DA89D719-6424-4850-9C55-54F516DB2CBD}.Release|Any CPU.Build.0 = Release|Any CPU
	EndGlobalSection
	GlobalSection(SolutionProperties) = preSolution
		HideSolutionNode = FALSE
	EndGlobalSection
	GlobalSection(ExtensibilityGlobals) = postSolution
		SolutionGuid = {CBBC1489-78AC-48FE-9D54-8BFA1061EBB9}
	EndGlobalSection
EndGlobal
